// !$*UTF8*$!
{
	archiveVersion = 1;
	classes = {
	};
	objectVersion = 48;
	objects = {

/* Begin PBXBuildFile section */
		08010461207191E40077A060 /* KellnerTVSection.swift in Sources */ = {isa = PBXBuildFile; fileRef = 08010460207191E40077A060 /* KellnerTVSection.swift */; };
		081143C91FB793FA00CA2522 /* KellnerInfos.swift in Sources */ = {isa = PBXBuildFile; fileRef = 081143C81FB793FA00CA2522 /* KellnerInfos.swift */; };
		081461F41F9927FA00121943 /* LoginVC.swift in Sources */ = {isa = PBXBuildFile; fileRef = 081461F31F9927FA00121943 /* LoginVC.swift */; };
		08210EE11FB7B09000EABA32 /* KellnerCell.swift in Sources */ = {isa = PBXBuildFile; fileRef = 08210EDF1FB7B09000EABA32 /* KellnerCell.swift */; };
		08210EE21FB7B09000EABA32 /* KellnerCell.xib in Resources */ = {isa = PBXBuildFile; fileRef = 08210EE01FB7B09000EABA32 /* KellnerCell.xib */; };
		08210EE51FB83AE300EABA32 /* BestellenCell.swift in Sources */ = {isa = PBXBuildFile; fileRef = 08210EE31FB83AE300EABA32 /* BestellenCell.swift */; };
		08210EE61FB83AE300EABA32 /* BestellenCell2.xib in Resources */ = {isa = PBXBuildFile; fileRef = 08210EE41FB83AE300EABA32 /* BestellenCell2.xib */; };
		082A6F12206D642700B8C43D /* MyBestellungCell.swift in Sources */ = {isa = PBXBuildFile; fileRef = 082A6F10206D642700B8C43D /* MyBestellungCell.swift */; };
		082A6F13206D642700B8C43D /* MyBestellungCell.xib in Resources */ = {isa = PBXBuildFile; fileRef = 082A6F11206D642700B8C43D /* MyBestellungCell.xib */; };
		0832EB9F2067CC0E000B6319 /* LabelWhite.swift in Sources */ = {isa = PBXBuildFile; fileRef = 0832EB9E2067CC0E000B6319 /* LabelWhite.swift */; };
		08462FFD205F1F0700AECA59 /* ExpandTVSection2.swift in Sources */ = {isa = PBXBuildFile; fileRef = 08462FFC205F1F0700AECA59 /* ExpandTVSection2.swift */; };
		084D9D42203B1C7D008601B6 /* MyBestellungCell2.swift in Sources */ = {isa = PBXBuildFile; fileRef = 084D9D40203B1C7D008601B6 /* MyBestellungCell2.swift */; };
		084D9D43203B1C7D008601B6 /* MyBestellungCell2.xib in Resources */ = {isa = PBXBuildFile; fileRef = 084D9D41203B1C7D008601B6 /* MyBestellungCell2.xib */; };
		085B23D82053113F00D50FE3 /* bezahlenCell.swift in Sources */ = {isa = PBXBuildFile; fileRef = 085B23D62053113F00D50FE3 /* bezahlenCell.swift */; };
		085B23D92053113F00D50FE3 /* bezahlenCell.xib in Resources */ = {isa = PBXBuildFile; fileRef = 085B23D72053113F00D50FE3 /* bezahlenCell.xib */; };
		085B23DC205349DB00D50FE3 /* bezahlenCell2.swift in Sources */ = {isa = PBXBuildFile; fileRef = 085B23DA205349DB00D50FE3 /* bezahlenCell2.swift */; };
		085B23DD205349DB00D50FE3 /* bezahlenCell2.xib in Resources */ = {isa = PBXBuildFile; fileRef = 085B23DB205349DB00D50FE3 /* bezahlenCell2.xib */; };
		087134FE1FBDEE170016E181 /* SpeisekarteVC.swift in Sources */ = {isa = PBXBuildFile; fileRef = 087134FD1FBDEE170016E181 /* SpeisekarteVC.swift */; };
		087796DE204AFA410066D6F5 /* BestellungAbschickenVC.swift in Sources */ = {isa = PBXBuildFile; fileRef = 087796DD204AFA410066D6F5 /* BestellungAbschickenVC.swift */; };
		0895B3631F9B5F28007D97DE /* UserVC.swift in Sources */ = {isa = PBXBuildFile; fileRef = 0895B3621F9B5F28007D97DE /* UserVC.swift */; };
		089C74CF204B3478001B3C22 /* PulleyCell.swift in Sources */ = {isa = PBXBuildFile; fileRef = 089C74CD204B3478001B3C22 /* PulleyCell.swift */; };
		089C74D0204B3478001B3C22 /* PulleyCell.xib in Resources */ = {isa = PBXBuildFile; fileRef = 089C74CE204B3478001B3C22 /* PulleyCell.xib */; };
		08BBB4F02067EDDD00E1785C /* bestellungTVSection.swift in Sources */ = {isa = PBXBuildFile; fileRef = 08BBB4EF2067EDDD00E1785C /* bestellungTVSection.swift */; };
		08C881671F9962EB00AD8F20 /* BarInfos.swift in Sources */ = {isa = PBXBuildFile; fileRef = 08C881661F9962EB00AD8F20 /* BarInfos.swift */; };
		08C881691F9963F100AD8F20 /* BarAnnotation.swift in Sources */ = {isa = PBXBuildFile; fileRef = 08C881681F9963F100AD8F20 /* BarAnnotation.swift */; };
		08DB092A2061415B007848E4 /* SpeisekarteCelle.swift in Sources */ = {isa = PBXBuildFile; fileRef = 08DB09282061415B007848E4 /* SpeisekarteCelle.swift */; };
		08DB092B2061415B007848E4 /* SpeisekarteCelle.xib in Resources */ = {isa = PBXBuildFile; fileRef = 08DB09292061415B007848E4 /* SpeisekarteCelle.xib */; };
		08DB09342061D806007848E4 /* SpeisekarteCelle2.swift in Sources */ = {isa = PBXBuildFile; fileRef = 08DB09322061D806007848E4 /* SpeisekarteCelle2.swift */; };
		08DB09352061D806007848E4 /* SpeisekarteCelle2.xib in Resources */ = {isa = PBXBuildFile; fileRef = 08DB09332061D806007848E4 /* SpeisekarteCelle2.xib */; };
		08DB09372061D95C007848E4 /* ExpandleHeaderView2.swift in Sources */ = {isa = PBXBuildFile; fileRef = 08DB09362061D95C007848E4 /* ExpandleHeaderView2.swift */; };
		08DB093A2062E4D1007848E4 /* BestellenCell2.swift in Sources */ = {isa = PBXBuildFile; fileRef = 08DB09382062E4D1007848E4 /* BestellenCell2.swift */; };
		08DB093B2062E4D1007848E4 /* BestellenCell.xib in Resources */ = {isa = PBXBuildFile; fileRef = 08DB09392062E4D1007848E4 /* BestellenCell.xib */; };
		08E0F451205FD625002435DE /* Button.swift in Sources */ = {isa = PBXBuildFile; fileRef = 08E0F450205FD625002435DE /* Button.swift */; };
		08E0F455205FDABC002435DE /* MeineBestellungVC.swift in Sources */ = {isa = PBXBuildFile; fileRef = 08E0F454205FDABC002435DE /* MeineBestellungVC.swift */; };
		08EAEA6A206079920095F75F /* SpeisekarteInformation.swift in Sources */ = {isa = PBXBuildFile; fileRef = 08EAEA69206079920095F75F /* SpeisekarteInformation.swift */; };
		08EF4C401F9CF0FE00F01096 /* BestellungInfos.swift in Sources */ = {isa = PBXBuildFile; fileRef = 08EF4C3F1F9CF0FE00F01096 /* BestellungInfos.swift */; };
		08EF4C481F9CFE9800F01096 /* BestellungVC2.swift in Sources */ = {isa = PBXBuildFile; fileRef = 08EF4C471F9CFE9800F01096 /* BestellungVC2.swift */; };
		08EF4C4A1F9CFFA500F01096 /* ExpandTVSection.swift in Sources */ = {isa = PBXBuildFile; fileRef = 08EF4C491F9CFFA500F01096 /* ExpandTVSection.swift */; };
		08EF4C4C1F9D006700F01096 /* ExpandableHeaderView.swift in Sources */ = {isa = PBXBuildFile; fileRef = 08EF4C4B1F9D006700F01096 /* ExpandableHeaderView.swift */; };
		08EF4C4E1F9D2AC000F01096 /* SpeisekarteInfos.swift in Sources */ = {isa = PBXBuildFile; fileRef = 08EF4C4D1F9D2AC000F01096 /* SpeisekarteInfos.swift */; };
		3871370E21F91910008AB388 /* BestellungÜbersichtVC.swift in Sources */ = {isa = PBXBuildFile; fileRef = 3871370D21F91910008AB388 /* BestellungÜbersichtVC.swift */; };
		388D4C56219F093E005184F3 /* BewertungSection.swift in Sources */ = {isa = PBXBuildFile; fileRef = 388D4C55219F093E005184F3 /* BewertungSection.swift */; };
		4E1664BC1FBC6D340038EFB5 /* DetailVC.swift in Sources */ = {isa = PBXBuildFile; fileRef = 4E1664BB1FBC6D340038EFB5 /* DetailVC.swift */; };
		4E1664BE1FBF12020038EFB5 /* votevc.swift in Sources */ = {isa = PBXBuildFile; fileRef = 4E1664BD1FBF12020038EFB5 /* votevc.swift */; };
		4E1664C01FBF316D0038EFB5 /* VoteInfos.swift in Sources */ = {isa = PBXBuildFile; fileRef = 4E1664BF1FBF316D0038EFB5 /* VoteInfos.swift */; };
		4E2FF0BD1FEDDC850084F0A7 /* GMVC.swift in Sources */ = {isa = PBXBuildFile; fileRef = 4E2FF0BC1FEDDC850084F0A7 /* GMVC.swift */; };
		4E3728411FE3E34E000DAF97 /* DetailVC2.swift in Sources */ = {isa = PBXBuildFile; fileRef = 4E3728401FE3E34E000DAF97 /* DetailVC2.swift */; };
		4E6020491F9E2F88001B2909 /* ScanDetailVC.swift in Sources */ = {isa = PBXBuildFile; fileRef = 4E6020481F9E2F88001B2909 /* ScanDetailVC.swift */; };
		4E66E16D1FD49CFA005E87E3 /* PageViewController.swift in Sources */ = {isa = PBXBuildFile; fileRef = 4E66E16C1FD49CFA005E87E3 /* PageViewController.swift */; };
		4EC247CB1F98F90500910AA8 /* AppDelegate.swift in Sources */ = {isa = PBXBuildFile; fileRef = 4EC247CA1F98F90500910AA8 /* AppDelegate.swift */; };
		4EC247CD1F98F90500910AA8 /* QRScanner.swift in Sources */ = {isa = PBXBuildFile; fileRef = 4EC247CC1F98F90500910AA8 /* QRScanner.swift */; };
		4EC247D01F98F90500910AA8 /* Main.storyboard in Resources */ = {isa = PBXBuildFile; fileRef = 4EC247CE1F98F90500910AA8 /* Main.storyboard */; };
		4EC247D21F98F90500910AA8 /* Assets.xcassets in Resources */ = {isa = PBXBuildFile; fileRef = 4EC247D11F98F90500910AA8 /* Assets.xcassets */; };
		4EC247D51F98F90500910AA8 /* LaunchScreen.storyboard in Resources */ = {isa = PBXBuildFile; fileRef = 4EC247D31F98F90500910AA8 /* LaunchScreen.storyboard */; };
		4EC247E01F98F90500910AA8 /* SMOLOTests.swift in Sources */ = {isa = PBXBuildFile; fileRef = 4EC247DF1F98F90500910AA8 /* SMOLOTests.swift */; };
		4EC247EB1F98F90500910AA8 /* SMOLOUITests.swift in Sources */ = {isa = PBXBuildFile; fileRef = 4EC247EA1F98F90500910AA8 /* SMOLOUITests.swift */; };
		4EC247FA1F98FE6A00910AA8 /* QRBereich.swift in Sources */ = {isa = PBXBuildFile; fileRef = 4EC247F91F98FE6A00910AA8 /* QRBereich.swift */; };
		4EC248001F9950CE00910AA8 /* DrawerVC.swift in Sources */ = {isa = PBXBuildFile; fileRef = 4EC247FF1F9950CE00910AA8 /* DrawerVC.swift */; };
		4EC248021F9950E700910AA8 /* LocationVC.swift in Sources */ = {isa = PBXBuildFile; fileRef = 4EC248011F9950E700910AA8 /* LocationVC.swift */; };
		4EEB60831FDF2BAB0003BA0E /* PageViewController2.swift in Sources */ = {isa = PBXBuildFile; fileRef = 4EEB60821FDF2BAB0003BA0E /* PageViewController2.swift */; };
		9417B58F207CFDD7008817FC /* KellnerCell2.swift in Sources */ = {isa = PBXBuildFile; fileRef = 9417B58D207CFDD7008817FC /* KellnerCell2.swift */; };
		9417B590207CFDD7008817FC /* KellnerCell2.xib in Resources */ = {isa = PBXBuildFile; fileRef = 9417B58E207CFDD7008817FC /* KellnerCell2.xib */; };
		9417B593207CFDEB008817FC /* KellnerCell3.swift in Sources */ = {isa = PBXBuildFile; fileRef = 9417B591207CFDEB008817FC /* KellnerCell3.swift */; };
		9417B594207CFDEB008817FC /* KellnerCell3.xib in Resources */ = {isa = PBXBuildFile; fileRef = 9417B592207CFDEB008817FC /* KellnerCell3.xib */; };
		9417B596207CFEC9008817FC /* ExpandleHeaderView3.swift in Sources */ = {isa = PBXBuildFile; fileRef = 9417B595207CFEC9008817FC /* ExpandleHeaderView3.swift */; };
		945D1B3320E2DD3200CC0BC2 /* FeedbackVC.swift in Sources */ = {isa = PBXBuildFile; fileRef = 945D1B3220E2DD3200CC0BC2 /* FeedbackVC.swift */; };
		947CD6EE20DE3E9000165139 /* KellnerExtrasCell.swift in Sources */ = {isa = PBXBuildFile; fileRef = 947CD6EC20DE3E8F00165139 /* KellnerExtrasCell.swift */; };
		947CD6EF20DE3E9000165139 /* KellnerExtrasCell.xib in Resources */ = {isa = PBXBuildFile; fileRef = 947CD6ED20DE3E8F00165139 /* KellnerExtrasCell.xib */; };
		949AB0B320AB82B6005F85C7 /* LabelWhiteS30.swift in Sources */ = {isa = PBXBuildFile; fileRef = 949AB0B220AB82B6005F85C7 /* LabelWhiteS30.swift */; };
		94BDC36820B00DEF000BFB10 /* UserInfos.swift in Sources */ = {isa = PBXBuildFile; fileRef = 94BDC36720B00DEF000BFB10 /* UserInfos.swift */; };
		94CA7F4E20BF04AF00C3D1F4 /* RegistrierungVC.swift in Sources */ = {isa = PBXBuildFile; fileRef = 94CA7F4D20BF04AF00C3D1F4 /* RegistrierungVC.swift */; };
		94EFB9AC20CD5535003028CD /* ExtrasCell.swift in Sources */ = {isa = PBXBuildFile; fileRef = 94EFB9AA20CD5535003028CD /* ExtrasCell.swift */; };
		94EFB9AD20CD5535003028CD /* ExtrasCell.xib in Resources */ = {isa = PBXBuildFile; fileRef = 94EFB9AB20CD5535003028CD /* ExtrasCell.xib */; };
		94F5EA91208F4F530086A014 /* LabelWhiteS16.swift in Sources */ = {isa = PBXBuildFile; fileRef = 94F5EA90208F4F530086A014 /* LabelWhiteS16.swift */; };
		CC7293123DD294CC7591DAA2 /* Pods_SMOLOUITests.framework in Frameworks */ = {isa = PBXBuildFile; fileRef = AC56C89A3508D2D118AE9C1D /* Pods_SMOLOUITests.framework */; };
		FCBCA28E5975849AF85ED466 /* Pods_SMOLOTests.framework in Frameworks */ = {isa = PBXBuildFile; fileRef = D92BA6E8AA26233EE5256989 /* Pods_SMOLOTests.framework */; };
		FD0DDBFC204B1CD200E40E81 /* pin.png in Resources */ = {isa = PBXBuildFile; fileRef = FD0DDBFB204B1CD200E40E81 /* pin.png */; };
		FD0DDC00204E0F6E00E40E81 /* Bilder.swift in Sources */ = {isa = PBXBuildFile; fileRef = FD0DDBFF204E0F6E00E40E81 /* Bilder.swift */; };
		FD167ED521B6F46E00BF1DAA /* BewertungTVCell.swift in Sources */ = {isa = PBXBuildFile; fileRef = FD167ED321B6F46E00BF1DAA /* BewertungTVCell.swift */; };
		FD167ED621B6F46E00BF1DAA /* BewertungTVCell.xib in Resources */ = {isa = PBXBuildFile; fileRef = FD167ED421B6F46E00BF1DAA /* BewertungTVCell.xib */; };
		FD4166A021BD605100B5692B /* BewertungTVCell2.swift in Sources */ = {isa = PBXBuildFile; fileRef = FD41669E21BD605100B5692B /* BewertungTVCell2.swift */; };
		FD4166A121BD605100B5692B /* BewertungTVCell2.xib in Resources */ = {isa = PBXBuildFile; fileRef = FD41669F21BD605100B5692B /* BewertungTVCell2.xib */; };
		FD4E42452195AB9200362536 /* BewertungVC.swift in Sources */ = {isa = PBXBuildFile; fileRef = FD4E42442195AB9200362536 /* BewertungVC.swift */; };
		FD7DDBFB20C970C8008CDE12 /* EinstellungenVC.swift in Sources */ = {isa = PBXBuildFile; fileRef = FD7DDBFA20C970C8008CDE12 /* EinstellungenVC.swift */; };
		FD7DDC0020CA8EB8008CDE12 /* GoogleService-Info.plist in Resources */ = {isa = PBXBuildFile; fileRef = FD7DDBFF20CA8EB8008CDE12 /* GoogleService-Info.plist */; };
		FD7DDC0220CEBE69008CDE12 /* Oeffnungszeiten.swift in Sources */ = {isa = PBXBuildFile; fileRef = FD7DDC0120CEBE69008CDE12 /* Oeffnungszeiten.swift */; };
		FD9A43CF20AB4FFB00FFD947 /* BarItems.swift in Sources */ = {isa = PBXBuildFile; fileRef = FD9A43CE20AB4FFB00FFD947 /* BarItems.swift */; };
		FDF6E3C820517A1800CDF509 /* myBestellung.swift in Sources */ = {isa = PBXBuildFile; fileRef = FDF6E3C720517A1800CDF509 /* myBestellung.swift */; };
		FF80403D46CB28555C94CA04 /* Pods_SMOLO.framework in Frameworks */ = {isa = PBXBuildFile; fileRef = A57EBBF91158C1B719B66FE6 /* Pods_SMOLO.framework */; };
/* End PBXBuildFile section */

/* Begin PBXContainerItemProxy section */
		4EC247DC1F98F90500910AA8 /* PBXContainerItemProxy */ = {
			isa = PBXContainerItemProxy;
			containerPortal = 4EC247BF1F98F90500910AA8 /* Project object */;
			proxyType = 1;
			remoteGlobalIDString = 4EC247C61F98F90500910AA8;
			remoteInfo = SMOLO;
		};
		4EC247E71F98F90500910AA8 /* PBXContainerItemProxy */ = {
			isa = PBXContainerItemProxy;
			containerPortal = 4EC247BF1F98F90500910AA8 /* Project object */;
			proxyType = 1;
			remoteGlobalIDString = 4EC247C61F98F90500910AA8;
			remoteInfo = SMOLO;
		};
/* End PBXContainerItemProxy section */

/* Begin PBXFileReference section */
		08010460207191E40077A060 /* KellnerTVSection.swift */ = {isa = PBXFileReference; lastKnownFileType = sourcecode.swift; path = KellnerTVSection.swift; sourceTree = "<group>"; };
		081143C81FB793FA00CA2522 /* KellnerInfos.swift */ = {isa = PBXFileReference; lastKnownFileType = sourcecode.swift; path = KellnerInfos.swift; sourceTree = "<group>"; };
		081461F31F9927FA00121943 /* LoginVC.swift */ = {isa = PBXFileReference; lastKnownFileType = sourcecode.swift; path = LoginVC.swift; sourceTree = "<group>"; };
		08210EDF1FB7B09000EABA32 /* KellnerCell.swift */ = {isa = PBXFileReference; lastKnownFileType = sourcecode.swift; path = KellnerCell.swift; sourceTree = "<group>"; };
		08210EE01FB7B09000EABA32 /* KellnerCell.xib */ = {isa = PBXFileReference; lastKnownFileType = file.xib; path = KellnerCell.xib; sourceTree = "<group>"; };
		08210EE31FB83AE300EABA32 /* BestellenCell.swift */ = {isa = PBXFileReference; lastKnownFileType = sourcecode.swift; path = BestellenCell.swift; sourceTree = "<group>"; };
		08210EE41FB83AE300EABA32 /* BestellenCell2.xib */ = {isa = PBXFileReference; lastKnownFileType = file.xib; path = BestellenCell2.xib; sourceTree = "<group>"; };
		082A6F10206D642700B8C43D /* MyBestellungCell.swift */ = {isa = PBXFileReference; lastKnownFileType = sourcecode.swift; path = MyBestellungCell.swift; sourceTree = "<group>"; };
		082A6F11206D642700B8C43D /* MyBestellungCell.xib */ = {isa = PBXFileReference; lastKnownFileType = file.xib; path = MyBestellungCell.xib; sourceTree = "<group>"; };
		0832EB9E2067CC0E000B6319 /* LabelWhite.swift */ = {isa = PBXFileReference; lastKnownFileType = sourcecode.swift; path = LabelWhite.swift; sourceTree = "<group>"; };
		08462FFC205F1F0700AECA59 /* ExpandTVSection2.swift */ = {isa = PBXFileReference; lastKnownFileType = sourcecode.swift; path = ExpandTVSection2.swift; sourceTree = "<group>"; };
		084D9D40203B1C7D008601B6 /* MyBestellungCell2.swift */ = {isa = PBXFileReference; lastKnownFileType = sourcecode.swift; path = MyBestellungCell2.swift; sourceTree = "<group>"; };
		084D9D41203B1C7D008601B6 /* MyBestellungCell2.xib */ = {isa = PBXFileReference; lastKnownFileType = file.xib; path = MyBestellungCell2.xib; sourceTree = "<group>"; };
		085B23D62053113F00D50FE3 /* bezahlenCell.swift */ = {isa = PBXFileReference; lastKnownFileType = sourcecode.swift; path = bezahlenCell.swift; sourceTree = "<group>"; };
		085B23D72053113F00D50FE3 /* bezahlenCell.xib */ = {isa = PBXFileReference; lastKnownFileType = file.xib; path = bezahlenCell.xib; sourceTree = "<group>"; };
		085B23DA205349DB00D50FE3 /* bezahlenCell2.swift */ = {isa = PBXFileReference; lastKnownFileType = sourcecode.swift; path = bezahlenCell2.swift; sourceTree = "<group>"; };
		085B23DB205349DB00D50FE3 /* bezahlenCell2.xib */ = {isa = PBXFileReference; lastKnownFileType = file.xib; path = bezahlenCell2.xib; sourceTree = "<group>"; };
		087134FD1FBDEE170016E181 /* SpeisekarteVC.swift */ = {isa = PBXFileReference; lastKnownFileType = sourcecode.swift; path = SpeisekarteVC.swift; sourceTree = "<group>"; };
		087796DD204AFA410066D6F5 /* BestellungAbschickenVC.swift */ = {isa = PBXFileReference; lastKnownFileType = sourcecode.swift; path = BestellungAbschickenVC.swift; sourceTree = "<group>"; };
		0895B3621F9B5F28007D97DE /* UserVC.swift */ = {isa = PBXFileReference; lastKnownFileType = sourcecode.swift; path = UserVC.swift; sourceTree = "<group>"; };
		089C74CD204B3478001B3C22 /* PulleyCell.swift */ = {isa = PBXFileReference; lastKnownFileType = sourcecode.swift; path = PulleyCell.swift; sourceTree = "<group>"; };
		089C74CE204B3478001B3C22 /* PulleyCell.xib */ = {isa = PBXFileReference; lastKnownFileType = file.xib; path = PulleyCell.xib; sourceTree = "<group>"; };
		08BBB4EF2067EDDD00E1785C /* bestellungTVSection.swift */ = {isa = PBXFileReference; lastKnownFileType = sourcecode.swift; path = bestellungTVSection.swift; sourceTree = "<group>"; };
		08C881661F9962EB00AD8F20 /* BarInfos.swift */ = {isa = PBXFileReference; lastKnownFileType = sourcecode.swift; path = BarInfos.swift; sourceTree = "<group>"; };
		08C881681F9963F100AD8F20 /* BarAnnotation.swift */ = {isa = PBXFileReference; lastKnownFileType = sourcecode.swift; path = BarAnnotation.swift; sourceTree = "<group>"; };
		08DB09282061415B007848E4 /* SpeisekarteCelle.swift */ = {isa = PBXFileReference; lastKnownFileType = sourcecode.swift; path = SpeisekarteCelle.swift; sourceTree = "<group>"; };
		08DB09292061415B007848E4 /* SpeisekarteCelle.xib */ = {isa = PBXFileReference; lastKnownFileType = file.xib; path = SpeisekarteCelle.xib; sourceTree = "<group>"; };
		08DB09322061D806007848E4 /* SpeisekarteCelle2.swift */ = {isa = PBXFileReference; lastKnownFileType = sourcecode.swift; path = SpeisekarteCelle2.swift; sourceTree = "<group>"; };
		08DB09332061D806007848E4 /* SpeisekarteCelle2.xib */ = {isa = PBXFileReference; lastKnownFileType = file.xib; path = SpeisekarteCelle2.xib; sourceTree = "<group>"; };
		08DB09362061D95C007848E4 /* ExpandleHeaderView2.swift */ = {isa = PBXFileReference; lastKnownFileType = sourcecode.swift; path = ExpandleHeaderView2.swift; sourceTree = "<group>"; };
		08DB09382062E4D1007848E4 /* BestellenCell2.swift */ = {isa = PBXFileReference; lastKnownFileType = sourcecode.swift; path = BestellenCell2.swift; sourceTree = "<group>"; };
		08DB09392062E4D1007848E4 /* BestellenCell.xib */ = {isa = PBXFileReference; lastKnownFileType = file.xib; path = BestellenCell.xib; sourceTree = "<group>"; };
		08E0F450205FD625002435DE /* Button.swift */ = {isa = PBXFileReference; lastKnownFileType = sourcecode.swift; path = Button.swift; sourceTree = "<group>"; };
		08E0F454205FDABC002435DE /* MeineBestellungVC.swift */ = {isa = PBXFileReference; lastKnownFileType = sourcecode.swift; path = MeineBestellungVC.swift; sourceTree = "<group>"; };
		08EAEA69206079920095F75F /* SpeisekarteInformation.swift */ = {isa = PBXFileReference; lastKnownFileType = sourcecode.swift; path = SpeisekarteInformation.swift; sourceTree = "<group>"; };
		08EF4C3F1F9CF0FE00F01096 /* BestellungInfos.swift */ = {isa = PBXFileReference; lastKnownFileType = sourcecode.swift; path = BestellungInfos.swift; sourceTree = "<group>"; };
		08EF4C471F9CFE9800F01096 /* BestellungVC2.swift */ = {isa = PBXFileReference; lastKnownFileType = sourcecode.swift; path = BestellungVC2.swift; sourceTree = "<group>"; };
		08EF4C491F9CFFA500F01096 /* ExpandTVSection.swift */ = {isa = PBXFileReference; lastKnownFileType = sourcecode.swift; path = ExpandTVSection.swift; sourceTree = "<group>"; };
		08EF4C4B1F9D006700F01096 /* ExpandableHeaderView.swift */ = {isa = PBXFileReference; lastKnownFileType = sourcecode.swift; path = ExpandableHeaderView.swift; sourceTree = "<group>"; };
		08EF4C4D1F9D2AC000F01096 /* SpeisekarteInfos.swift */ = {isa = PBXFileReference; lastKnownFileType = sourcecode.swift; path = SpeisekarteInfos.swift; sourceTree = "<group>"; };
		1EA076F87397E3B0B510A4B4 /* Pods-SMOLOTests.release.xcconfig */ = {isa = PBXFileReference; includeInIndex = 1; lastKnownFileType = text.xcconfig; name = "Pods-SMOLOTests.release.xcconfig"; path = "Pods/Target Support Files/Pods-SMOLOTests/Pods-SMOLOTests.release.xcconfig"; sourceTree = "<group>"; };
		3266058303F90426C7363152 /* Pods-SMOLOTests.debug.xcconfig */ = {isa = PBXFileReference; includeInIndex = 1; lastKnownFileType = text.xcconfig; name = "Pods-SMOLOTests.debug.xcconfig"; path = "Pods/Target Support Files/Pods-SMOLOTests/Pods-SMOLOTests.debug.xcconfig"; sourceTree = "<group>"; };
		3871370D21F91910008AB388 /* BestellungÜbersichtVC.swift */ = {isa = PBXFileReference; lastKnownFileType = sourcecode.swift; path = "BestellungÜbersichtVC.swift"; sourceTree = "<group>"; };
		388D4C55219F093E005184F3 /* BewertungSection.swift */ = {isa = PBXFileReference; lastKnownFileType = sourcecode.swift; path = BewertungSection.swift; sourceTree = "<group>"; };
		4E1664BB1FBC6D340038EFB5 /* DetailVC.swift */ = {isa = PBXFileReference; lastKnownFileType = sourcecode.swift; path = DetailVC.swift; sourceTree = "<group>"; };
		4E1664BD1FBF12020038EFB5 /* votevc.swift */ = {isa = PBXFileReference; lastKnownFileType = sourcecode.swift; path = votevc.swift; sourceTree = "<group>"; };
		4E1664BF1FBF316D0038EFB5 /* VoteInfos.swift */ = {isa = PBXFileReference; lastKnownFileType = sourcecode.swift; path = VoteInfos.swift; sourceTree = "<group>"; };
		4E2FF0BC1FEDDC850084F0A7 /* GMVC.swift */ = {isa = PBXFileReference; lastKnownFileType = sourcecode.swift; path = GMVC.swift; sourceTree = "<group>"; };
		4E3728401FE3E34E000DAF97 /* DetailVC2.swift */ = {isa = PBXFileReference; lastKnownFileType = sourcecode.swift; path = DetailVC2.swift; sourceTree = "<group>"; };
		4E6020481F9E2F88001B2909 /* ScanDetailVC.swift */ = {isa = PBXFileReference; lastKnownFileType = sourcecode.swift; path = ScanDetailVC.swift; sourceTree = "<group>"; };
		4E66E16C1FD49CFA005E87E3 /* PageViewController.swift */ = {isa = PBXFileReference; lastKnownFileType = sourcecode.swift; path = PageViewController.swift; sourceTree = "<group>"; };
		4EC247C71F98F90500910AA8 /* SMOLO.app */ = {isa = PBXFileReference; explicitFileType = wrapper.application; includeInIndex = 0; path = SMOLO.app; sourceTree = BUILT_PRODUCTS_DIR; };
		4EC247CA1F98F90500910AA8 /* AppDelegate.swift */ = {isa = PBXFileReference; lastKnownFileType = sourcecode.swift; path = AppDelegate.swift; sourceTree = "<group>"; };
		4EC247CC1F98F90500910AA8 /* QRScanner.swift */ = {isa = PBXFileReference; lastKnownFileType = sourcecode.swift; path = QRScanner.swift; sourceTree = "<group>"; };
		4EC247CF1F98F90500910AA8 /* Base */ = {isa = PBXFileReference; lastKnownFileType = file.storyboard; name = Base; path = Base.lproj/Main.storyboard; sourceTree = "<group>"; };
		4EC247D11F98F90500910AA8 /* Assets.xcassets */ = {isa = PBXFileReference; lastKnownFileType = folder.assetcatalog; path = Assets.xcassets; sourceTree = "<group>"; };
		4EC247D41F98F90500910AA8 /* Base */ = {isa = PBXFileReference; lastKnownFileType = file.storyboard; name = Base; path = Base.lproj/LaunchScreen.storyboard; sourceTree = "<group>"; };
		4EC247D61F98F90500910AA8 /* Info.plist */ = {isa = PBXFileReference; lastKnownFileType = text.plist.xml; path = Info.plist; sourceTree = "<group>"; };
		4EC247DB1F98F90500910AA8 /* SMOLOTests.xctest */ = {isa = PBXFileReference; explicitFileType = wrapper.cfbundle; includeInIndex = 0; path = SMOLOTests.xctest; sourceTree = BUILT_PRODUCTS_DIR; };
		4EC247DF1F98F90500910AA8 /* SMOLOTests.swift */ = {isa = PBXFileReference; lastKnownFileType = sourcecode.swift; path = SMOLOTests.swift; sourceTree = "<group>"; };
		4EC247E11F98F90500910AA8 /* Info.plist */ = {isa = PBXFileReference; lastKnownFileType = text.plist.xml; path = Info.plist; sourceTree = "<group>"; };
		4EC247E61F98F90500910AA8 /* SMOLOUITests.xctest */ = {isa = PBXFileReference; explicitFileType = wrapper.cfbundle; includeInIndex = 0; path = SMOLOUITests.xctest; sourceTree = BUILT_PRODUCTS_DIR; };
		4EC247EA1F98F90500910AA8 /* SMOLOUITests.swift */ = {isa = PBXFileReference; lastKnownFileType = sourcecode.swift; path = SMOLOUITests.swift; sourceTree = "<group>"; };
		4EC247EC1F98F90500910AA8 /* Info.plist */ = {isa = PBXFileReference; lastKnownFileType = text.plist.xml; path = Info.plist; sourceTree = "<group>"; };
		4EC247F91F98FE6A00910AA8 /* QRBereich.swift */ = {isa = PBXFileReference; lastKnownFileType = sourcecode.swift; path = QRBereich.swift; sourceTree = "<group>"; };
		4EC247FF1F9950CE00910AA8 /* DrawerVC.swift */ = {isa = PBXFileReference; lastKnownFileType = sourcecode.swift; path = DrawerVC.swift; sourceTree = "<group>"; };
		4EC248011F9950E700910AA8 /* LocationVC.swift */ = {isa = PBXFileReference; lastKnownFileType = sourcecode.swift; path = LocationVC.swift; sourceTree = "<group>"; };
		4EEB60821FDF2BAB0003BA0E /* PageViewController2.swift */ = {isa = PBXFileReference; lastKnownFileType = sourcecode.swift; path = PageViewController2.swift; sourceTree = "<group>"; };
		6639B3E49BB97F15D4F1FC24 /* Pods-SMOLO.debug.xcconfig */ = {isa = PBXFileReference; includeInIndex = 1; lastKnownFileType = text.xcconfig; name = "Pods-SMOLO.debug.xcconfig"; path = "Pods/Target Support Files/Pods-SMOLO/Pods-SMOLO.debug.xcconfig"; sourceTree = "<group>"; };
		809CF401238084F1706DE109 /* Pods-SMOLO.release.xcconfig */ = {isa = PBXFileReference; includeInIndex = 1; lastKnownFileType = text.xcconfig; name = "Pods-SMOLO.release.xcconfig"; path = "Pods/Target Support Files/Pods-SMOLO/Pods-SMOLO.release.xcconfig"; sourceTree = "<group>"; };
		90669C4C2B51C6114E01DF85 /* Pods-SMOLOUITests.debug.xcconfig */ = {isa = PBXFileReference; includeInIndex = 1; lastKnownFileType = text.xcconfig; name = "Pods-SMOLOUITests.debug.xcconfig"; path = "Pods/Target Support Files/Pods-SMOLOUITests/Pods-SMOLOUITests.debug.xcconfig"; sourceTree = "<group>"; };
		9417B58D207CFDD7008817FC /* KellnerCell2.swift */ = {isa = PBXFileReference; lastKnownFileType = sourcecode.swift; path = KellnerCell2.swift; sourceTree = "<group>"; };
		9417B58E207CFDD7008817FC /* KellnerCell2.xib */ = {isa = PBXFileReference; lastKnownFileType = file.xib; path = KellnerCell2.xib; sourceTree = "<group>"; };
		9417B591207CFDEB008817FC /* KellnerCell3.swift */ = {isa = PBXFileReference; lastKnownFileType = sourcecode.swift; path = KellnerCell3.swift; sourceTree = "<group>"; };
		9417B592207CFDEB008817FC /* KellnerCell3.xib */ = {isa = PBXFileReference; lastKnownFileType = file.xib; path = KellnerCell3.xib; sourceTree = "<group>"; };
		9417B595207CFEC9008817FC /* ExpandleHeaderView3.swift */ = {isa = PBXFileReference; lastKnownFileType = sourcecode.swift; path = ExpandleHeaderView3.swift; sourceTree = "<group>"; };
		945D1B3220E2DD3200CC0BC2 /* FeedbackVC.swift */ = {isa = PBXFileReference; lastKnownFileType = sourcecode.swift; path = FeedbackVC.swift; sourceTree = "<group>"; };
		947CD6EC20DE3E8F00165139 /* KellnerExtrasCell.swift */ = {isa = PBXFileReference; lastKnownFileType = sourcecode.swift; path = KellnerExtrasCell.swift; sourceTree = "<group>"; };
		947CD6ED20DE3E8F00165139 /* KellnerExtrasCell.xib */ = {isa = PBXFileReference; lastKnownFileType = file.xib; path = KellnerExtrasCell.xib; sourceTree = "<group>"; };
		949AB0B220AB82B6005F85C7 /* LabelWhiteS30.swift */ = {isa = PBXFileReference; lastKnownFileType = sourcecode.swift; path = LabelWhiteS30.swift; sourceTree = "<group>"; };
		94BDC36720B00DEF000BFB10 /* UserInfos.swift */ = {isa = PBXFileReference; lastKnownFileType = sourcecode.swift; path = UserInfos.swift; sourceTree = "<group>"; };
		94CA7F4D20BF04AF00C3D1F4 /* RegistrierungVC.swift */ = {isa = PBXFileReference; lastKnownFileType = sourcecode.swift; path = RegistrierungVC.swift; sourceTree = "<group>"; };
		94EFB9AA20CD5535003028CD /* ExtrasCell.swift */ = {isa = PBXFileReference; lastKnownFileType = sourcecode.swift; path = ExtrasCell.swift; sourceTree = "<group>"; };
		94EFB9AB20CD5535003028CD /* ExtrasCell.xib */ = {isa = PBXFileReference; lastKnownFileType = file.xib; path = ExtrasCell.xib; sourceTree = "<group>"; };
		94F5EA90208F4F530086A014 /* LabelWhiteS16.swift */ = {isa = PBXFileReference; lastKnownFileType = sourcecode.swift; path = LabelWhiteS16.swift; sourceTree = "<group>"; };
		A57EBBF91158C1B719B66FE6 /* Pods_SMOLO.framework */ = {isa = PBXFileReference; explicitFileType = wrapper.framework; includeInIndex = 0; path = Pods_SMOLO.framework; sourceTree = BUILT_PRODUCTS_DIR; };
		AC56C89A3508D2D118AE9C1D /* Pods_SMOLOUITests.framework */ = {isa = PBXFileReference; explicitFileType = wrapper.framework; includeInIndex = 0; path = Pods_SMOLOUITests.framework; sourceTree = BUILT_PRODUCTS_DIR; };
		D92BA6E8AA26233EE5256989 /* Pods_SMOLOTests.framework */ = {isa = PBXFileReference; explicitFileType = wrapper.framework; includeInIndex = 0; path = Pods_SMOLOTests.framework; sourceTree = BUILT_PRODUCTS_DIR; };
		EA15B0E38B10A65CA61D6CB7 /* Pods-SMOLOUITests.release.xcconfig */ = {isa = PBXFileReference; includeInIndex = 1; lastKnownFileType = text.xcconfig; name = "Pods-SMOLOUITests.release.xcconfig"; path = "Pods/Target Support Files/Pods-SMOLOUITests/Pods-SMOLOUITests.release.xcconfig"; sourceTree = "<group>"; };
		FD0DDBFB204B1CD200E40E81 /* pin.png */ = {isa = PBXFileReference; lastKnownFileType = image.png; path = pin.png; sourceTree = SOURCE_ROOT; };
		FD0DDBFF204E0F6E00E40E81 /* Bilder.swift */ = {isa = PBXFileReference; lastKnownFileType = sourcecode.swift; path = Bilder.swift; sourceTree = "<group>"; };
		FD167ED321B6F46E00BF1DAA /* BewertungTVCell.swift */ = {isa = PBXFileReference; lastKnownFileType = sourcecode.swift; path = BewertungTVCell.swift; sourceTree = "<group>"; };
		FD167ED421B6F46E00BF1DAA /* BewertungTVCell.xib */ = {isa = PBXFileReference; lastKnownFileType = file.xib; path = BewertungTVCell.xib; sourceTree = "<group>"; };
		FD41669E21BD605100B5692B /* BewertungTVCell2.swift */ = {isa = PBXFileReference; lastKnownFileType = sourcecode.swift; path = BewertungTVCell2.swift; sourceTree = "<group>"; };
		FD41669F21BD605100B5692B /* BewertungTVCell2.xib */ = {isa = PBXFileReference; lastKnownFileType = file.xib; path = BewertungTVCell2.xib; sourceTree = "<group>"; };
		FD4E42442195AB9200362536 /* BewertungVC.swift */ = {isa = PBXFileReference; lastKnownFileType = sourcecode.swift; path = BewertungVC.swift; sourceTree = "<group>"; };
		FD7DDBFA20C970C8008CDE12 /* EinstellungenVC.swift */ = {isa = PBXFileReference; lastKnownFileType = sourcecode.swift; path = EinstellungenVC.swift; sourceTree = "<group>"; };
		FD7DDBFC20CA86D9008CDE12 /* SMOLO.entitlements */ = {isa = PBXFileReference; lastKnownFileType = text.plist.entitlements; path = SMOLO.entitlements; sourceTree = "<group>"; };
		FD7DDBFF20CA8EB8008CDE12 /* GoogleService-Info.plist */ = {isa = PBXFileReference; fileEncoding = 4; lastKnownFileType = text.plist.xml; path = "GoogleService-Info.plist"; sourceTree = "<group>"; };
		FD7DDC0120CEBE69008CDE12 /* Oeffnungszeiten.swift */ = {isa = PBXFileReference; lastKnownFileType = sourcecode.swift; path = Oeffnungszeiten.swift; sourceTree = "<group>"; };
		FD9A43CE20AB4FFB00FFD947 /* BarItems.swift */ = {isa = PBXFileReference; lastKnownFileType = sourcecode.swift; path = BarItems.swift; sourceTree = "<group>"; };
		FDF6E3C720517A1800CDF509 /* myBestellung.swift */ = {isa = PBXFileReference; lastKnownFileType = sourcecode.swift; path = myBestellung.swift; sourceTree = "<group>"; };
/* End PBXFileReference section */

/* Begin PBXFrameworksBuildPhase section */
		4EC247C41F98F90500910AA8 /* Frameworks */ = {
			isa = PBXFrameworksBuildPhase;
			buildActionMask = 2147483647;
			files = (
				FF80403D46CB28555C94CA04 /* Pods_SMOLO.framework in Frameworks */,
			);
			runOnlyForDeploymentPostprocessing = 0;
		};
		4EC247D81F98F90500910AA8 /* Frameworks */ = {
			isa = PBXFrameworksBuildPhase;
			buildActionMask = 2147483647;
			files = (
				FCBCA28E5975849AF85ED466 /* Pods_SMOLOTests.framework in Frameworks */,
			);
			runOnlyForDeploymentPostprocessing = 0;
		};
		4EC247E31F98F90500910AA8 /* Frameworks */ = {
			isa = PBXFrameworksBuildPhase;
			buildActionMask = 2147483647;
			files = (
				CC7293123DD294CC7591DAA2 /* Pods_SMOLOUITests.framework in Frameworks */,
			);
			runOnlyForDeploymentPostprocessing = 0;
		};
/* End PBXFrameworksBuildPhase section */

/* Begin PBXGroup section */
		08302E8E2046EAFB00FCB996 /* Bilder */ = {
			isa = PBXGroup;
			children = (
				FD0DDBFB204B1CD200E40E81 /* pin.png */,
			);
			path = Bilder;
			sourceTree = "<group>";
		};
		08B85365203CE6EB008DA787 /* Cells */ = {
			isa = PBXGroup;
			children = (
				089C74CD204B3478001B3C22 /* PulleyCell.swift */,
				089C74CE204B3478001B3C22 /* PulleyCell.xib */,
				08DB09282061415B007848E4 /* SpeisekarteCelle.swift */,
				08DB09292061415B007848E4 /* SpeisekarteCelle.xib */,
				08DB09322061D806007848E4 /* SpeisekarteCelle2.swift */,
				08DB09332061D806007848E4 /* SpeisekarteCelle2.xib */,
				08210EDF1FB7B09000EABA32 /* KellnerCell.swift */,
				08210EE01FB7B09000EABA32 /* KellnerCell.xib */,
				9417B58D207CFDD7008817FC /* KellnerCell2.swift */,
				9417B58E207CFDD7008817FC /* KellnerCell2.xib */,
				9417B591207CFDEB008817FC /* KellnerCell3.swift */,
				9417B592207CFDEB008817FC /* KellnerCell3.xib */,
				947CD6EC20DE3E8F00165139 /* KellnerExtrasCell.swift */,
				947CD6ED20DE3E8F00165139 /* KellnerExtrasCell.xib */,
				FD167ED321B6F46E00BF1DAA /* BewertungTVCell.swift */,
				FD167ED421B6F46E00BF1DAA /* BewertungTVCell.xib */,
				FD41669E21BD605100B5692B /* BewertungTVCell2.swift */,
				FD41669F21BD605100B5692B /* BewertungTVCell2.xib */,
				94EFB9AA20CD5535003028CD /* ExtrasCell.swift */,
				94EFB9AB20CD5535003028CD /* ExtrasCell.xib */,
				082A6F10206D642700B8C43D /* MyBestellungCell.swift */,
				082A6F11206D642700B8C43D /* MyBestellungCell.xib */,
				084D9D40203B1C7D008601B6 /* MyBestellungCell2.swift */,
				084D9D41203B1C7D008601B6 /* MyBestellungCell2.xib */,
				08210EE31FB83AE300EABA32 /* BestellenCell.swift */,
				08DB09392062E4D1007848E4 /* BestellenCell.xib */,
				08DB09382062E4D1007848E4 /* BestellenCell2.swift */,
				08210EE41FB83AE300EABA32 /* BestellenCell2.xib */,
				38235DC222063B2D003BC44C /* Löschen */,
			);
			path = Cells;
			sourceTree = "<group>";
		};
		08E0F44D205FD4C4002435DE /* User */ = {
			isa = PBXGroup;
			children = (
				94CA7F4D20BF04AF00C3D1F4 /* RegistrierungVC.swift */,
				081461F31F9927FA00121943 /* LoginVC.swift */,
				0895B3621F9B5F28007D97DE /* UserVC.swift */,
				08E0F454205FDABC002435DE /* MeineBestellungVC.swift */,
				FD7DDBFA20C970C8008CDE12 /* EinstellungenVC.swift */,
				945D1B3220E2DD3200CC0BC2 /* FeedbackVC.swift */,
				FD4E42442195AB9200362536 /* BewertungVC.swift */,
			);
			path = User;
			sourceTree = "<group>";
		};
		36169E6F4A1B318B24C108C8 /* Frameworks */ = {
			isa = PBXGroup;
			children = (
				A57EBBF91158C1B719B66FE6 /* Pods_SMOLO.framework */,
				D92BA6E8AA26233EE5256989 /* Pods_SMOLOTests.framework */,
				AC56C89A3508D2D118AE9C1D /* Pods_SMOLOUITests.framework */,
			);
			name = Frameworks;
			sourceTree = "<group>";
		};
		38235DC222063B2D003BC44C /* Löschen */ = {
			isa = PBXGroup;
			children = (
				085B23D62053113F00D50FE3 /* bezahlenCell.swift */,
				085B23D72053113F00D50FE3 /* bezahlenCell.xib */,
				085B23DA205349DB00D50FE3 /* bezahlenCell2.swift */,
				085B23DB205349DB00D50FE3 /* bezahlenCell2.xib */,
			);
			name = "Löschen";
			path = "Löschen";
			sourceTree = "<group>";
		};
		4EC247BE1F98F90500910AA8 = {
			isa = PBXGroup;
			children = (
				4EC247C91F98F90500910AA8 /* SMOLO */,
				4E6020481F9E2F88001B2909 /* ScanDetailVC.swift */,
				4EC247DE1F98F90500910AA8 /* SMOLOTests */,
				4EC247E91F98F90500910AA8 /* SMOLOUITests */,
				4EC247C81F98F90500910AA8 /* Products */,
				81F0F53061C43E00178F3EB2 /* Pods */,
				36169E6F4A1B318B24C108C8 /* Frameworks */,
			);
			sourceTree = "<group>";
		};
		4EC247C81F98F90500910AA8 /* Products */ = {
			isa = PBXGroup;
			children = (
				4EC247C71F98F90500910AA8 /* SMOLO.app */,
				4EC247DB1F98F90500910AA8 /* SMOLOTests.xctest */,
				4EC247E61F98F90500910AA8 /* SMOLOUITests.xctest */,
			);
			name = Products;
			sourceTree = "<group>";
		};
		4EC247C91F98F90500910AA8 /* SMOLO */ = {
			isa = PBXGroup;
			children = (
				FD7DDBFC20CA86D9008CDE12 /* SMOLO.entitlements */,
				4EC247CA1F98F90500910AA8 /* AppDelegate.swift */,
				4EC247CE1F98F90500910AA8 /* Main.storyboard */,
				4EC247D31F98F90500910AA8 /* LaunchScreen.storyboard */,
				4EC247D61F98F90500910AA8 /* Info.plist */,
				FD7DDBFF20CA8EB8008CDE12 /* GoogleService-Info.plist */,
				4EC247D11F98F90500910AA8 /* Assets.xcassets */,
				4EC247F81F98FE5700910AA8 /* Model */,
				08E0F44D205FD4C4002435DE /* User */,
				4EC5C4BA1FFC0A85008CE449 /* pulley */,
				4EC5C4BB1FFC0ACA008CE449 /* scanner */,
				08B85365203CE6EB008DA787 /* Cells */,
				08302E8E2046EAFB00FCB996 /* Bilder */,
				4E1664BD1FBF12020038EFB5 /* votevc.swift */,
				4E2FF0BC1FEDDC850084F0A7 /* GMVC.swift */,
				FDF6E3C720517A1800CDF509 /* myBestellung.swift */,
			);
			path = SMOLO;
			sourceTree = "<group>";
		};
		4EC247DE1F98F90500910AA8 /* SMOLOTests */ = {
			isa = PBXGroup;
			children = (
				4EC247DF1F98F90500910AA8 /* SMOLOTests.swift */,
				4EC247E11F98F90500910AA8 /* Info.plist */,
			);
			path = SMOLOTests;
			sourceTree = "<group>";
		};
		4EC247E91F98F90500910AA8 /* SMOLOUITests */ = {
			isa = PBXGroup;
			children = (
				4EC247EA1F98F90500910AA8 /* SMOLOUITests.swift */,
				4EC247EC1F98F90500910AA8 /* Info.plist */,
			);
			path = SMOLOUITests;
			sourceTree = "<group>";
		};
		4EC247F81F98FE5700910AA8 /* Model */ = {
			isa = PBXGroup;
			children = (
				4EC247F91F98FE6A00910AA8 /* QRBereich.swift */,
				08C881661F9962EB00AD8F20 /* BarInfos.swift */,
				08C881681F9963F100AD8F20 /* BarAnnotation.swift */,
				94BDC36720B00DEF000BFB10 /* UserInfos.swift */,
				08EF4C3F1F9CF0FE00F01096 /* BestellungInfos.swift */,
				08EF4C491F9CFFA500F01096 /* ExpandTVSection.swift */,
				08EF4C4B1F9D006700F01096 /* ExpandableHeaderView.swift */,
				08EF4C4D1F9D2AC000F01096 /* SpeisekarteInfos.swift */,
				081143C81FB793FA00CA2522 /* KellnerInfos.swift */,
				4E1664BF1FBF316D0038EFB5 /* VoteInfos.swift */,
				FD0DDBFF204E0F6E00E40E81 /* Bilder.swift */,
				08E0F450205FD625002435DE /* Button.swift */,
				0832EB9E2067CC0E000B6319 /* LabelWhite.swift */,
				94F5EA90208F4F530086A014 /* LabelWhiteS16.swift */,
				949AB0B220AB82B6005F85C7 /* LabelWhiteS30.swift */,
				08462FFC205F1F0700AECA59 /* ExpandTVSection2.swift */,
				08BBB4EF2067EDDD00E1785C /* bestellungTVSection.swift */,
				08010460207191E40077A060 /* KellnerTVSection.swift */,
				08DB09362061D95C007848E4 /* ExpandleHeaderView2.swift */,
				9417B595207CFEC9008817FC /* ExpandleHeaderView3.swift */,
				08EAEA69206079920095F75F /* SpeisekarteInformation.swift */,
				FD9A43CE20AB4FFB00FFD947 /* BarItems.swift */,
				FD7DDC0120CEBE69008CDE12 /* Oeffnungszeiten.swift */,
				388D4C55219F093E005184F3 /* BewertungSection.swift */,
			);
			path = Model;
			sourceTree = "<group>";
		};
		4EC5C4BA1FFC0A85008CE449 /* pulley */ = {
			isa = PBXGroup;
			children = (
				4EC248011F9950E700910AA8 /* LocationVC.swift */,
				4EC247FF1F9950CE00910AA8 /* DrawerVC.swift */,
				4E1664BB1FBC6D340038EFB5 /* DetailVC.swift */,
				087134FD1FBDEE170016E181 /* SpeisekarteVC.swift */,
				4E66E16C1FD49CFA005E87E3 /* PageViewController.swift */,
			);
			path = pulley;
			sourceTree = "<group>";
		};
		4EC5C4BB1FFC0ACA008CE449 /* scanner */ = {
			isa = PBXGroup;
			children = (
				4EC247CC1F98F90500910AA8 /* QRScanner.swift */,
				4E3728401FE3E34E000DAF97 /* DetailVC2.swift */,
				4EEB60821FDF2BAB0003BA0E /* PageViewController2.swift */,
				08EF4C471F9CFE9800F01096 /* BestellungVC2.swift */,
				087796DD204AFA410066D6F5 /* BestellungAbschickenVC.swift */,
				3871370D21F91910008AB388 /* BestellungÜbersichtVC.swift */,
			);
			path = scanner;
			sourceTree = "<group>";
		};
		81F0F53061C43E00178F3EB2 /* Pods */ = {
			isa = PBXGroup;
			children = (
				6639B3E49BB97F15D4F1FC24 /* Pods-SMOLO.debug.xcconfig */,
				809CF401238084F1706DE109 /* Pods-SMOLO.release.xcconfig */,
				3266058303F90426C7363152 /* Pods-SMOLOTests.debug.xcconfig */,
				1EA076F87397E3B0B510A4B4 /* Pods-SMOLOTests.release.xcconfig */,
				90669C4C2B51C6114E01DF85 /* Pods-SMOLOUITests.debug.xcconfig */,
				EA15B0E38B10A65CA61D6CB7 /* Pods-SMOLOUITests.release.xcconfig */,
			);
			name = Pods;
			sourceTree = "<group>";
		};
/* End PBXGroup section */

/* Begin PBXNativeTarget section */
		4EC247C61F98F90500910AA8 /* SMOLO */ = {
			isa = PBXNativeTarget;
			buildConfigurationList = 4EC247EF1F98F90500910AA8 /* Build configuration list for PBXNativeTarget "SMOLO" */;
			buildPhases = (
				A9E79C41E6130DBB8071AB5B /* [CP] Check Pods Manifest.lock */,
				4EC247C31F98F90500910AA8 /* Sources */,
				4EC247C41F98F90500910AA8 /* Frameworks */,
				4EC247C51F98F90500910AA8 /* Resources */,
				8E5B78897A237F0A6968394C /* [CP] Embed Pods Frameworks */,
				11F1CCBD2CD7150C7A8F445F /* [CP] Copy Pods Resources */,
			);
			buildRules = (
			);
			dependencies = (
			);
			name = SMOLO;
			productName = SMOLO;
			productReference = 4EC247C71F98F90500910AA8 /* SMOLO.app */;
			productType = "com.apple.product-type.application";
		};
		4EC247DA1F98F90500910AA8 /* SMOLOTests */ = {
			isa = PBXNativeTarget;
			buildConfigurationList = 4EC247F21F98F90500910AA8 /* Build configuration list for PBXNativeTarget "SMOLOTests" */;
			buildPhases = (
				547D07B4E8C767F845BC46D6 /* [CP] Check Pods Manifest.lock */,
				4EC247D71F98F90500910AA8 /* Sources */,
				4EC247D81F98F90500910AA8 /* Frameworks */,
				4EC247D91F98F90500910AA8 /* Resources */,
			);
			buildRules = (
			);
			dependencies = (
				4EC247DD1F98F90500910AA8 /* PBXTargetDependency */,
			);
			name = SMOLOTests;
			productName = SMOLOTests;
			productReference = 4EC247DB1F98F90500910AA8 /* SMOLOTests.xctest */;
			productType = "com.apple.product-type.bundle.unit-test";
		};
		4EC247E51F98F90500910AA8 /* SMOLOUITests */ = {
			isa = PBXNativeTarget;
			buildConfigurationList = 4EC247F51F98F90500910AA8 /* Build configuration list for PBXNativeTarget "SMOLOUITests" */;
			buildPhases = (
				634F9F11EA30376681D1DB8F /* [CP] Check Pods Manifest.lock */,
				4EC247E21F98F90500910AA8 /* Sources */,
				4EC247E31F98F90500910AA8 /* Frameworks */,
				4EC247E41F98F90500910AA8 /* Resources */,
			);
			buildRules = (
			);
			dependencies = (
				4EC247E81F98F90500910AA8 /* PBXTargetDependency */,
			);
			name = SMOLOUITests;
			productName = SMOLOUITests;
			productReference = 4EC247E61F98F90500910AA8 /* SMOLOUITests.xctest */;
			productType = "com.apple.product-type.bundle.ui-testing";
		};
/* End PBXNativeTarget section */

/* Begin PBXProject section */
		4EC247BF1F98F90500910AA8 /* Project object */ = {
			isa = PBXProject;
			attributes = {
				LastSwiftUpdateCheck = 0900;
				LastUpgradeCheck = 0930;
				ORGANIZATIONNAME = AM;
				TargetAttributes = {
					4EC247C61F98F90500910AA8 = {
						CreatedOnToolsVersion = 9.0;
						LastSwiftMigration = 1100;
						ProvisioningStyle = Automatic;
						SystemCapabilities = {
							com.apple.Push = {
								enabled = 1;
							};
						};
					};
					4EC247DA1F98F90500910AA8 = {
						CreatedOnToolsVersion = 9.0;
						LastSwiftMigration = 1100;
						ProvisioningStyle = Automatic;
						TestTargetID = 4EC247C61F98F90500910AA8;
					};
					4EC247E51F98F90500910AA8 = {
						CreatedOnToolsVersion = 9.0;
						LastSwiftMigration = 1100;
						ProvisioningStyle = Automatic;
						TestTargetID = 4EC247C61F98F90500910AA8;
					};
				};
			};
			buildConfigurationList = 4EC247C21F98F90500910AA8 /* Build configuration list for PBXProject "SMOLO" */;
			compatibilityVersion = "Xcode 8.0";
			developmentRegion = en;
			hasScannedForEncodings = 0;
			knownRegions = (
				en,
				Base,
			);
			mainGroup = 4EC247BE1F98F90500910AA8;
			productRefGroup = 4EC247C81F98F90500910AA8 /* Products */;
			projectDirPath = "";
			projectRoot = "";
			targets = (
				4EC247C61F98F90500910AA8 /* SMOLO */,
				4EC247DA1F98F90500910AA8 /* SMOLOTests */,
				4EC247E51F98F90500910AA8 /* SMOLOUITests */,
			);
		};
/* End PBXProject section */

/* Begin PBXResourcesBuildPhase section */
		4EC247C51F98F90500910AA8 /* Resources */ = {
			isa = PBXResourcesBuildPhase;
			buildActionMask = 2147483647;
			files = (
				08DB09352061D806007848E4 /* SpeisekarteCelle2.xib in Resources */,
				FD167ED621B6F46E00BF1DAA /* BewertungTVCell.xib in Resources */,
				9417B594207CFDEB008817FC /* KellnerCell3.xib in Resources */,
				4EC247D51F98F90500910AA8 /* LaunchScreen.storyboard in Resources */,
				085B23DD205349DB00D50FE3 /* bezahlenCell2.xib in Resources */,
				08DB093B2062E4D1007848E4 /* BestellenCell.xib in Resources */,
				9417B590207CFDD7008817FC /* KellnerCell2.xib in Resources */,
				4EC247D21F98F90500910AA8 /* Assets.xcassets in Resources */,
				FD0DDBFC204B1CD200E40E81 /* pin.png in Resources */,
				089C74D0204B3478001B3C22 /* PulleyCell.xib in Resources */,
				085B23D92053113F00D50FE3 /* bezahlenCell.xib in Resources */,
				084D9D43203B1C7D008601B6 /* MyBestellungCell2.xib in Resources */,
				082A6F13206D642700B8C43D /* MyBestellungCell.xib in Resources */,
				4EC247D01F98F90500910AA8 /* Main.storyboard in Resources */,
				08210EE61FB83AE300EABA32 /* BestellenCell2.xib in Resources */,
				FD4166A121BD605100B5692B /* BewertungTVCell2.xib in Resources */,
				08DB092B2061415B007848E4 /* SpeisekarteCelle.xib in Resources */,
				94EFB9AD20CD5535003028CD /* ExtrasCell.xib in Resources */,
				08210EE21FB7B09000EABA32 /* KellnerCell.xib in Resources */,
				FD7DDC0020CA8EB8008CDE12 /* GoogleService-Info.plist in Resources */,
				947CD6EF20DE3E9000165139 /* KellnerExtrasCell.xib in Resources */,
			);
			runOnlyForDeploymentPostprocessing = 0;
		};
		4EC247D91F98F90500910AA8 /* Resources */ = {
			isa = PBXResourcesBuildPhase;
			buildActionMask = 2147483647;
			files = (
			);
			runOnlyForDeploymentPostprocessing = 0;
		};
		4EC247E41F98F90500910AA8 /* Resources */ = {
			isa = PBXResourcesBuildPhase;
			buildActionMask = 2147483647;
			files = (
			);
			runOnlyForDeploymentPostprocessing = 0;
		};
/* End PBXResourcesBuildPhase section */

/* Begin PBXShellScriptBuildPhase section */
		11F1CCBD2CD7150C7A8F445F /* [CP] Copy Pods Resources */ = {
			isa = PBXShellScriptBuildPhase;
			buildActionMask = 2147483647;
			files = (
			);
			inputPaths = (
				"${PODS_ROOT}/Target Support Files/Pods-SMOLO/Pods-SMOLO-resources.sh",
				"${PODS_ROOT}/GoogleMaps/Maps/Frameworks/GoogleMaps.framework/Resources/GoogleMaps.bundle",
				"${PODS_ROOT}/GooglePlaces/Frameworks/GooglePlaces.framework/Resources/GooglePlaces.bundle",
			);
			name = "[CP] Copy Pods Resources";
			outputPaths = (
				"${TARGET_BUILD_DIR}/${UNLOCALIZED_RESOURCES_FOLDER_PATH}/GoogleMaps.bundle",
				"${TARGET_BUILD_DIR}/${UNLOCALIZED_RESOURCES_FOLDER_PATH}/GooglePlaces.bundle",
			);
			runOnlyForDeploymentPostprocessing = 0;
			shellPath = /bin/sh;
			shellScript = "\"${PODS_ROOT}/Target Support Files/Pods-SMOLO/Pods-SMOLO-resources.sh\"\n";
			showEnvVarsInLog = 0;
		};
		547D07B4E8C767F845BC46D6 /* [CP] Check Pods Manifest.lock */ = {
			isa = PBXShellScriptBuildPhase;
			buildActionMask = 2147483647;
			files = (
			);
			inputPaths = (
				"${PODS_PODFILE_DIR_PATH}/Podfile.lock",
				"${PODS_ROOT}/Manifest.lock",
			);
			name = "[CP] Check Pods Manifest.lock";
			outputPaths = (
				"$(DERIVED_FILE_DIR)/Pods-SMOLOTests-checkManifestLockResult.txt",
			);
			runOnlyForDeploymentPostprocessing = 0;
			shellPath = /bin/sh;
			shellScript = "diff \"${PODS_PODFILE_DIR_PATH}/Podfile.lock\" \"${PODS_ROOT}/Manifest.lock\" > /dev/null\nif [ $? != 0 ] ; then\n    # print error to STDERR\n    echo \"error: The sandbox is not in sync with the Podfile.lock. Run 'pod install' or update your CocoaPods installation.\" >&2\n    exit 1\nfi\n# This output is used by Xcode 'outputs' to avoid re-running this script phase.\necho \"SUCCESS\" > \"${SCRIPT_OUTPUT_FILE_0}\"\n";
			showEnvVarsInLog = 0;
		};
		634F9F11EA30376681D1DB8F /* [CP] Check Pods Manifest.lock */ = {
			isa = PBXShellScriptBuildPhase;
			buildActionMask = 2147483647;
			files = (
			);
			inputPaths = (
				"${PODS_PODFILE_DIR_PATH}/Podfile.lock",
				"${PODS_ROOT}/Manifest.lock",
			);
			name = "[CP] Check Pods Manifest.lock";
			outputPaths = (
				"$(DERIVED_FILE_DIR)/Pods-SMOLOUITests-checkManifestLockResult.txt",
			);
			runOnlyForDeploymentPostprocessing = 0;
			shellPath = /bin/sh;
			shellScript = "diff \"${PODS_PODFILE_DIR_PATH}/Podfile.lock\" \"${PODS_ROOT}/Manifest.lock\" > /dev/null\nif [ $? != 0 ] ; then\n    # print error to STDERR\n    echo \"error: The sandbox is not in sync with the Podfile.lock. Run 'pod install' or update your CocoaPods installation.\" >&2\n    exit 1\nfi\n# This output is used by Xcode 'outputs' to avoid re-running this script phase.\necho \"SUCCESS\" > \"${SCRIPT_OUTPUT_FILE_0}\"\n";
			showEnvVarsInLog = 0;
		};
		8E5B78897A237F0A6968394C /* [CP] Embed Pods Frameworks */ = {
			isa = PBXShellScriptBuildPhase;
			buildActionMask = 2147483647;
			files = (
			);
			inputPaths = (
				"${PODS_ROOT}/Target Support Files/Pods-SMOLO/Pods-SMOLO-frameworks.sh",
				"${BUILT_PRODUCTS_DIR}/Cosmos/Cosmos.framework",
				"${BUILT_PRODUCTS_DIR}/FBSDKCoreKit/FBSDKCoreKit.framework",
				"${BUILT_PRODUCTS_DIR}/FBSDKLoginKit/FBSDKLoginKit.framework",
				"${BUILT_PRODUCTS_DIR}/FBSDKMessengerShareKit/FBSDKMessengerShareKit.framework",
				"${BUILT_PRODUCTS_DIR}/FBSDKPlacesKit/FBSDKPlacesKit.framework",
				"${BUILT_PRODUCTS_DIR}/FBSDKShareKit/FBSDKShareKit.framework",
				"${BUILT_PRODUCTS_DIR}/FacebookCore/FacebookCore.framework",
				"${BUILT_PRODUCTS_DIR}/FacebookLogin/FacebookLogin.framework",
				"${BUILT_PRODUCTS_DIR}/GTMSessionFetcher/GTMSessionFetcher.framework",
				"${BUILT_PRODUCTS_DIR}/GoogleUtilities/GoogleUtilities.framework",
				"${BUILT_PRODUCTS_DIR}/ImageSlideshow/ImageSlideshow.framework",
				"${BUILT_PRODUCTS_DIR}/Protobuf/protobuf.framework",
				"${BUILT_PRODUCTS_DIR}/Pulley/Pulley.framework",
				"${BUILT_PRODUCTS_DIR}/SDWebImage/SDWebImage.framework",
				"${BUILT_PRODUCTS_DIR}/leveldb-library/leveldb.framework",
				"${BUILT_PRODUCTS_DIR}/nanopb/nanopb.framework",
			);
			name = "[CP] Embed Pods Frameworks";
			outputPaths = (
				"${TARGET_BUILD_DIR}/${FRAMEWORKS_FOLDER_PATH}/Cosmos.framework",
				"${TARGET_BUILD_DIR}/${FRAMEWORKS_FOLDER_PATH}/FBSDKCoreKit.framework",
				"${TARGET_BUILD_DIR}/${FRAMEWORKS_FOLDER_PATH}/FBSDKLoginKit.framework",
				"${TARGET_BUILD_DIR}/${FRAMEWORKS_FOLDER_PATH}/FBSDKMessengerShareKit.framework",
				"${TARGET_BUILD_DIR}/${FRAMEWORKS_FOLDER_PATH}/FBSDKPlacesKit.framework",
				"${TARGET_BUILD_DIR}/${FRAMEWORKS_FOLDER_PATH}/FBSDKShareKit.framework",
				"${TARGET_BUILD_DIR}/${FRAMEWORKS_FOLDER_PATH}/FacebookCore.framework",
				"${TARGET_BUILD_DIR}/${FRAMEWORKS_FOLDER_PATH}/FacebookLogin.framework",
				"${TARGET_BUILD_DIR}/${FRAMEWORKS_FOLDER_PATH}/GTMSessionFetcher.framework",
				"${TARGET_BUILD_DIR}/${FRAMEWORKS_FOLDER_PATH}/GoogleUtilities.framework",
				"${TARGET_BUILD_DIR}/${FRAMEWORKS_FOLDER_PATH}/ImageSlideshow.framework",
				"${TARGET_BUILD_DIR}/${FRAMEWORKS_FOLDER_PATH}/protobuf.framework",
				"${TARGET_BUILD_DIR}/${FRAMEWORKS_FOLDER_PATH}/Pulley.framework",
				"${TARGET_BUILD_DIR}/${FRAMEWORKS_FOLDER_PATH}/SDWebImage.framework",
				"${TARGET_BUILD_DIR}/${FRAMEWORKS_FOLDER_PATH}/leveldb.framework",
				"${TARGET_BUILD_DIR}/${FRAMEWORKS_FOLDER_PATH}/nanopb.framework",
			);
			runOnlyForDeploymentPostprocessing = 0;
			shellPath = /bin/sh;
			shellScript = "\"${PODS_ROOT}/Target Support Files/Pods-SMOLO/Pods-SMOLO-frameworks.sh\"\n";
			showEnvVarsInLog = 0;
		};
		A9E79C41E6130DBB8071AB5B /* [CP] Check Pods Manifest.lock */ = {
			isa = PBXShellScriptBuildPhase;
			buildActionMask = 2147483647;
			files = (
			);
			inputPaths = (
				"${PODS_PODFILE_DIR_PATH}/Podfile.lock",
				"${PODS_ROOT}/Manifest.lock",
			);
			name = "[CP] Check Pods Manifest.lock";
			outputPaths = (
				"$(DERIVED_FILE_DIR)/Pods-SMOLO-checkManifestLockResult.txt",
			);
			runOnlyForDeploymentPostprocessing = 0;
			shellPath = /bin/sh;
			shellScript = "diff \"${PODS_PODFILE_DIR_PATH}/Podfile.lock\" \"${PODS_ROOT}/Manifest.lock\" > /dev/null\nif [ $? != 0 ] ; then\n    # print error to STDERR\n    echo \"error: The sandbox is not in sync with the Podfile.lock. Run 'pod install' or update your CocoaPods installation.\" >&2\n    exit 1\nfi\n# This output is used by Xcode 'outputs' to avoid re-running this script phase.\necho \"SUCCESS\" > \"${SCRIPT_OUTPUT_FILE_0}\"\n";
			showEnvVarsInLog = 0;
		};
/* End PBXShellScriptBuildPhase section */

/* Begin PBXSourcesBuildPhase section */
		4EC247C31F98F90500910AA8 /* Sources */ = {
			isa = PBXSourcesBuildPhase;
			buildActionMask = 2147483647;
			files = (
				FD4E42452195AB9200362536 /* BewertungVC.swift in Sources */,
				082A6F12206D642700B8C43D /* MyBestellungCell.swift in Sources */,
				945D1B3320E2DD3200CC0BC2 /* FeedbackVC.swift in Sources */,
				947CD6EE20DE3E9000165139 /* KellnerExtrasCell.swift in Sources */,
				4E3728411FE3E34E000DAF97 /* DetailVC2.swift in Sources */,
				4EEB60831FDF2BAB0003BA0E /* PageViewController2.swift in Sources */,
				4E1664C01FBF316D0038EFB5 /* VoteInfos.swift in Sources */,
				08E0F455205FDABC002435DE /* MeineBestellungVC.swift in Sources */,
				4EC247FA1F98FE6A00910AA8 /* QRBereich.swift in Sources */,
				08E0F451205FD625002435DE /* Button.swift in Sources */,
				085B23DC205349DB00D50FE3 /* bezahlenCell2.swift in Sources */,
				08EF4C4E1F9D2AC000F01096 /* SpeisekarteInfos.swift in Sources */,
				FD7DDBFB20C970C8008CDE12 /* EinstellungenVC.swift in Sources */,
				94EFB9AC20CD5535003028CD /* ExtrasCell.swift in Sources */,
				08EF4C4C1F9D006700F01096 /* ExpandableHeaderView.swift in Sources */,
				949AB0B320AB82B6005F85C7 /* LabelWhiteS30.swift in Sources */,
				4EC248001F9950CE00910AA8 /* DrawerVC.swift in Sources */,
				08210EE51FB83AE300EABA32 /* BestellenCell.swift in Sources */,
				3871370E21F91910008AB388 /* BestellungÜbersichtVC.swift in Sources */,
				4EC247CD1F98F90500910AA8 /* QRScanner.swift in Sources */,
				08C881671F9962EB00AD8F20 /* BarInfos.swift in Sources */,
				4EC247CB1F98F90500910AA8 /* AppDelegate.swift in Sources */,
				081461F41F9927FA00121943 /* LoginVC.swift in Sources */,
				081143C91FB793FA00CA2522 /* KellnerInfos.swift in Sources */,
				9417B596207CFEC9008817FC /* ExpandleHeaderView3.swift in Sources */,
				08EF4C481F9CFE9800F01096 /* BestellungVC2.swift in Sources */,
				4E1664BC1FBC6D340038EFB5 /* DetailVC.swift in Sources */,
				08BBB4F02067EDDD00E1785C /* bestellungTVSection.swift in Sources */,
				08C881691F9963F100AD8F20 /* BarAnnotation.swift in Sources */,
				94F5EA91208F4F530086A014 /* LabelWhiteS16.swift in Sources */,
				9417B58F207CFDD7008817FC /* KellnerCell2.swift in Sources */,
				FD7DDC0220CEBE69008CDE12 /* Oeffnungszeiten.swift in Sources */,
				FD167ED521B6F46E00BF1DAA /* BewertungTVCell.swift in Sources */,
				FDF6E3C820517A1800CDF509 /* myBestellung.swift in Sources */,
				FD0DDC00204E0F6E00E40E81 /* Bilder.swift in Sources */,
				388D4C56219F093E005184F3 /* BewertungSection.swift in Sources */,
				08EF4C401F9CF0FE00F01096 /* BestellungInfos.swift in Sources */,
				08EAEA6A206079920095F75F /* SpeisekarteInformation.swift in Sources */,
				087796DE204AFA410066D6F5 /* BestellungAbschickenVC.swift in Sources */,
				08DB09372061D95C007848E4 /* ExpandleHeaderView2.swift in Sources */,
				08DB092A2061415B007848E4 /* SpeisekarteCelle.swift in Sources */,
				08EF4C4A1F9CFFA500F01096 /* ExpandTVSection.swift in Sources */,
				94BDC36820B00DEF000BFB10 /* UserInfos.swift in Sources */,
				FD4166A021BD605100B5692B /* BewertungTVCell2.swift in Sources */,
				08DB093A2062E4D1007848E4 /* BestellenCell2.swift in Sources */,
				0895B3631F9B5F28007D97DE /* UserVC.swift in Sources */,
				4E6020491F9E2F88001B2909 /* ScanDetailVC.swift in Sources */,
				08462FFD205F1F0700AECA59 /* ExpandTVSection2.swift in Sources */,
				08010461207191E40077A060 /* KellnerTVSection.swift in Sources */,
				085B23D82053113F00D50FE3 /* bezahlenCell.swift in Sources */,
				4EC248021F9950E700910AA8 /* LocationVC.swift in Sources */,
				FD9A43CF20AB4FFB00FFD947 /* BarItems.swift in Sources */,
				084D9D42203B1C7D008601B6 /* MyBestellungCell2.swift in Sources */,
				089C74CF204B3478001B3C22 /* PulleyCell.swift in Sources */,
				08210EE11FB7B09000EABA32 /* KellnerCell.swift in Sources */,
				0832EB9F2067CC0E000B6319 /* LabelWhite.swift in Sources */,
				4E66E16D1FD49CFA005E87E3 /* PageViewController.swift in Sources */,
				4E2FF0BD1FEDDC850084F0A7 /* GMVC.swift in Sources */,
				94CA7F4E20BF04AF00C3D1F4 /* RegistrierungVC.swift in Sources */,
				4E1664BE1FBF12020038EFB5 /* votevc.swift in Sources */,
				087134FE1FBDEE170016E181 /* SpeisekarteVC.swift in Sources */,
				08DB09342061D806007848E4 /* SpeisekarteCelle2.swift in Sources */,
				9417B593207CFDEB008817FC /* KellnerCell3.swift in Sources */,
			);
			runOnlyForDeploymentPostprocessing = 0;
		};
		4EC247D71F98F90500910AA8 /* Sources */ = {
			isa = PBXSourcesBuildPhase;
			buildActionMask = 2147483647;
			files = (
				4EC247E01F98F90500910AA8 /* SMOLOTests.swift in Sources */,
			);
			runOnlyForDeploymentPostprocessing = 0;
		};
		4EC247E21F98F90500910AA8 /* Sources */ = {
			isa = PBXSourcesBuildPhase;
			buildActionMask = 2147483647;
			files = (
				4EC247EB1F98F90500910AA8 /* SMOLOUITests.swift in Sources */,
			);
			runOnlyForDeploymentPostprocessing = 0;
		};
/* End PBXSourcesBuildPhase section */

/* Begin PBXTargetDependency section */
		4EC247DD1F98F90500910AA8 /* PBXTargetDependency */ = {
			isa = PBXTargetDependency;
			target = 4EC247C61F98F90500910AA8 /* SMOLO */;
			targetProxy = 4EC247DC1F98F90500910AA8 /* PBXContainerItemProxy */;
		};
		4EC247E81F98F90500910AA8 /* PBXTargetDependency */ = {
			isa = PBXTargetDependency;
			target = 4EC247C61F98F90500910AA8 /* SMOLO */;
			targetProxy = 4EC247E71F98F90500910AA8 /* PBXContainerItemProxy */;
		};
/* End PBXTargetDependency section */

/* Begin PBXVariantGroup section */
		4EC247CE1F98F90500910AA8 /* Main.storyboard */ = {
			isa = PBXVariantGroup;
			children = (
				4EC247CF1F98F90500910AA8 /* Base */,
			);
			name = Main.storyboard;
			sourceTree = "<group>";
		};
		4EC247D31F98F90500910AA8 /* LaunchScreen.storyboard */ = {
			isa = PBXVariantGroup;
			children = (
				4EC247D41F98F90500910AA8 /* Base */,
			);
			name = LaunchScreen.storyboard;
			sourceTree = "<group>";
		};
/* End PBXVariantGroup section */

/* Begin XCBuildConfiguration section */
		4EC247ED1F98F90500910AA8 /* Debug */ = {
			isa = XCBuildConfiguration;
			buildSettings = {
				ALWAYS_SEARCH_USER_PATHS = NO;
				CLANG_ANALYZER_NONNULL = YES;
				CLANG_ANALYZER_NUMBER_OBJECT_CONVERSION = YES_AGGRESSIVE;
				CLANG_CXX_LANGUAGE_STANDARD = "gnu++14";
				CLANG_CXX_LIBRARY = "libc++";
				CLANG_ENABLE_MODULES = YES;
				CLANG_ENABLE_OBJC_ARC = YES;
				CLANG_WARN_BLOCK_CAPTURE_AUTORELEASING = YES;
				CLANG_WARN_BOOL_CONVERSION = YES;
				CLANG_WARN_COMMA = YES;
				CLANG_WARN_CONSTANT_CONVERSION = YES;
				CLANG_WARN_DEPRECATED_OBJC_IMPLEMENTATIONS = YES;
				CLANG_WARN_DIRECT_OBJC_ISA_USAGE = YES_ERROR;
				CLANG_WARN_DOCUMENTATION_COMMENTS = YES;
				CLANG_WARN_EMPTY_BODY = YES;
				CLANG_WARN_ENUM_CONVERSION = YES;
				CLANG_WARN_INFINITE_RECURSION = YES;
				CLANG_WARN_INT_CONVERSION = YES;
				CLANG_WARN_NON_LITERAL_NULL_CONVERSION = YES;
				CLANG_WARN_OBJC_IMPLICIT_RETAIN_SELF = YES;
				CLANG_WARN_OBJC_LITERAL_CONVERSION = YES;
				CLANG_WARN_OBJC_ROOT_CLASS = YES_ERROR;
				CLANG_WARN_RANGE_LOOP_ANALYSIS = YES;
				CLANG_WARN_STRICT_PROTOTYPES = YES;
				CLANG_WARN_SUSPICIOUS_MOVE = YES;
				CLANG_WARN_UNGUARDED_AVAILABILITY = YES_AGGRESSIVE;
				CLANG_WARN_UNREACHABLE_CODE = YES;
				CLANG_WARN__DUPLICATE_METHOD_MATCH = YES;
				CODE_SIGN_IDENTITY = "iPhone Developer";
				COPY_PHASE_STRIP = NO;
				DEBUG_INFORMATION_FORMAT = dwarf;
				ENABLE_STRICT_OBJC_MSGSEND = YES;
				ENABLE_TESTABILITY = YES;
				GCC_C_LANGUAGE_STANDARD = gnu11;
				GCC_DYNAMIC_NO_PIC = NO;
				GCC_NO_COMMON_BLOCKS = YES;
				GCC_OPTIMIZATION_LEVEL = 0;
				GCC_PREPROCESSOR_DEFINITIONS = (
					"DEBUG=1",
					"$(inherited)",
				);
				GCC_WARN_64_TO_32_BIT_CONVERSION = YES;
				GCC_WARN_ABOUT_RETURN_TYPE = YES_ERROR;
				GCC_WARN_UNDECLARED_SELECTOR = YES;
				GCC_WARN_UNINITIALIZED_AUTOS = YES_AGGRESSIVE;
				GCC_WARN_UNUSED_FUNCTION = YES;
				GCC_WARN_UNUSED_VARIABLE = YES;
				IPHONEOS_DEPLOYMENT_TARGET = 12.4;
				MTL_ENABLE_DEBUG_INFO = YES;
				ONLY_ACTIVE_ARCH = YES;
				SDKROOT = iphoneos;
				SWIFT_ACTIVE_COMPILATION_CONDITIONS = DEBUG;
				SWIFT_OPTIMIZATION_LEVEL = "-Onone";
			};
			name = Debug;
		};
		4EC247EE1F98F90500910AA8 /* Release */ = {
			isa = XCBuildConfiguration;
			buildSettings = {
				ALWAYS_SEARCH_USER_PATHS = NO;
				CLANG_ANALYZER_NONNULL = YES;
				CLANG_ANALYZER_NUMBER_OBJECT_CONVERSION = YES_AGGRESSIVE;
				CLANG_CXX_LANGUAGE_STANDARD = "gnu++14";
				CLANG_CXX_LIBRARY = "libc++";
				CLANG_ENABLE_MODULES = YES;
				CLANG_ENABLE_OBJC_ARC = YES;
				CLANG_WARN_BLOCK_CAPTURE_AUTORELEASING = YES;
				CLANG_WARN_BOOL_CONVERSION = YES;
				CLANG_WARN_COMMA = YES;
				CLANG_WARN_CONSTANT_CONVERSION = YES;
				CLANG_WARN_DEPRECATED_OBJC_IMPLEMENTATIONS = YES;
				CLANG_WARN_DIRECT_OBJC_ISA_USAGE = YES_ERROR;
				CLANG_WARN_DOCUMENTATION_COMMENTS = YES;
				CLANG_WARN_EMPTY_BODY = YES;
				CLANG_WARN_ENUM_CONVERSION = YES;
				CLANG_WARN_INFINITE_RECURSION = YES;
				CLANG_WARN_INT_CONVERSION = YES;
				CLANG_WARN_NON_LITERAL_NULL_CONVERSION = YES;
				CLANG_WARN_OBJC_IMPLICIT_RETAIN_SELF = YES;
				CLANG_WARN_OBJC_LITERAL_CONVERSION = YES;
				CLANG_WARN_OBJC_ROOT_CLASS = YES_ERROR;
				CLANG_WARN_RANGE_LOOP_ANALYSIS = YES;
				CLANG_WARN_STRICT_PROTOTYPES = YES;
				CLANG_WARN_SUSPICIOUS_MOVE = YES;
				CLANG_WARN_UNGUARDED_AVAILABILITY = YES_AGGRESSIVE;
				CLANG_WARN_UNREACHABLE_CODE = YES;
				CLANG_WARN__DUPLICATE_METHOD_MATCH = YES;
				CODE_SIGN_IDENTITY = "iPhone Developer";
				COPY_PHASE_STRIP = NO;
				DEBUG_INFORMATION_FORMAT = "dwarf-with-dsym";
				ENABLE_NS_ASSERTIONS = NO;
				ENABLE_STRICT_OBJC_MSGSEND = YES;
				GCC_C_LANGUAGE_STANDARD = gnu11;
				GCC_NO_COMMON_BLOCKS = YES;
				GCC_WARN_64_TO_32_BIT_CONVERSION = YES;
				GCC_WARN_ABOUT_RETURN_TYPE = YES_ERROR;
				GCC_WARN_UNDECLARED_SELECTOR = YES;
				GCC_WARN_UNINITIALIZED_AUTOS = YES_AGGRESSIVE;
				GCC_WARN_UNUSED_FUNCTION = YES;
				GCC_WARN_UNUSED_VARIABLE = YES;
				IPHONEOS_DEPLOYMENT_TARGET = 12.4;
				MTL_ENABLE_DEBUG_INFO = NO;
				SDKROOT = iphoneos;
				SWIFT_OPTIMIZATION_LEVEL = "-Owholemodule";
				VALIDATE_PRODUCT = YES;
			};
			name = Release;
		};
		4EC247F01F98F90500910AA8 /* Debug */ = {
			isa = XCBuildConfiguration;
			baseConfigurationReference = 6639B3E49BB97F15D4F1FC24 /* Pods-SMOLO.debug.xcconfig */;
			buildSettings = {
				ASSETCATALOG_COMPILER_APPICON_NAME = AppIcon;
				CODE_SIGN_ENTITLEMENTS = SMOLO/SMOLO.entitlements;
				CODE_SIGN_STYLE = Automatic;
				DEVELOPMENT_TEAM = 84R3VSG74G;
				INFOPLIST_FILE = SMOLO/Info.plist;
				IPHONEOS_DEPLOYMENT_TARGET = 12.4;
				LD_RUNPATH_SEARCH_PATHS = "$(inherited) @executable_path/Frameworks";
				PRODUCT_BUNDLE_IDENTIFIER = AM.SMOLO1;
				PRODUCT_NAME = "$(TARGET_NAME)";
				SWIFT_VERSION = 5.0;
				TARGETED_DEVICE_FAMILY = "1,2";
			};
			name = Debug;
		};
		4EC247F11F98F90500910AA8 /* Release */ = {
			isa = XCBuildConfiguration;
			baseConfigurationReference = 809CF401238084F1706DE109 /* Pods-SMOLO.release.xcconfig */;
			buildSettings = {
				ASSETCATALOG_COMPILER_APPICON_NAME = AppIcon;
				CODE_SIGN_ENTITLEMENTS = SMOLO/SMOLO.entitlements;
				CODE_SIGN_STYLE = Automatic;
				DEVELOPMENT_TEAM = 84R3VSG74G;
				INFOPLIST_FILE = SMOLO/Info.plist;
				IPHONEOS_DEPLOYMENT_TARGET = 12.4;
				LD_RUNPATH_SEARCH_PATHS = "$(inherited) @executable_path/Frameworks";
				PRODUCT_BUNDLE_IDENTIFIER = AM.SMOLO1;
				PRODUCT_NAME = "$(TARGET_NAME)";
				SWIFT_VERSION = 5.0;
				TARGETED_DEVICE_FAMILY = "1,2";
			};
			name = Release;
		};
		4EC247F31F98F90500910AA8 /* Debug */ = {
			isa = XCBuildConfiguration;
			baseConfigurationReference = 3266058303F90426C7363152 /* Pods-SMOLOTests.debug.xcconfig */;
			buildSettings = {
				ALWAYS_EMBED_SWIFT_STANDARD_LIBRARIES = YES;
				BUNDLE_LOADER = "$(TEST_HOST)";
				CODE_SIGN_STYLE = Automatic;
				INFOPLIST_FILE = SMOLOTests/Info.plist;
				LD_RUNPATH_SEARCH_PATHS = "$(inherited) @executable_path/Frameworks @loader_path/Frameworks";
				PRODUCT_BUNDLE_IDENTIFIER = AM.SMOLOTests;
				PRODUCT_NAME = "$(TARGET_NAME)";
				SWIFT_VERSION = 5.0;
				TARGETED_DEVICE_FAMILY = "1,2";
				TEST_HOST = "$(BUILT_PRODUCTS_DIR)/SMOLO.app/SMOLO";
			};
			name = Debug;
		};
		4EC247F41F98F90500910AA8 /* Release */ = {
			isa = XCBuildConfiguration;
			baseConfigurationReference = 1EA076F87397E3B0B510A4B4 /* Pods-SMOLOTests.release.xcconfig */;
			buildSettings = {
				ALWAYS_EMBED_SWIFT_STANDARD_LIBRARIES = YES;
				BUNDLE_LOADER = "$(TEST_HOST)";
				CODE_SIGN_STYLE = Automatic;
				INFOPLIST_FILE = SMOLOTests/Info.plist;
				LD_RUNPATH_SEARCH_PATHS = "$(inherited) @executable_path/Frameworks @loader_path/Frameworks";
				PRODUCT_BUNDLE_IDENTIFIER = AM.SMOLOTests;
				PRODUCT_NAME = "$(TARGET_NAME)";
				SWIFT_VERSION = 5.0;
				TARGETED_DEVICE_FAMILY = "1,2";
				TEST_HOST = "$(BUILT_PRODUCTS_DIR)/SMOLO.app/SMOLO";
			};
			name = Release;
		};
		4EC247F61F98F90500910AA8 /* Debug */ = {
			isa = XCBuildConfiguration;
			baseConfigurationReference = 90669C4C2B51C6114E01DF85 /* Pods-SMOLOUITests.debug.xcconfig */;
			buildSettings = {
				ALWAYS_EMBED_SWIFT_STANDARD_LIBRARIES = YES;
				"CODE_SIGN_IDENTITY[sdk=macosx*]" = "-";
				CODE_SIGN_STYLE = Automatic;
				DEVELOPMENT_TEAM = NR8A659GLT;
				INFOPLIST_FILE = SMOLOUITests/Info.plist;
				LD_RUNPATH_SEARCH_PATHS = "$(inherited) @executable_path/Frameworks @loader_path/Frameworks";
				PRODUCT_BUNDLE_IDENTIFIER = AM.SMOLOUITests;
				PRODUCT_NAME = "$(TARGET_NAME)";
				SWIFT_VERSION = 5.0;
				TARGETED_DEVICE_FAMILY = "1,2";
				TEST_TARGET_NAME = SMOLO;
			};
			name = Debug;
		};
		4EC247F71F98F90500910AA8 /* Release */ = {
			isa = XCBuildConfiguration;
			baseConfigurationReference = EA15B0E38B10A65CA61D6CB7 /* Pods-SMOLOUITests.release.xcconfig */;
			buildSettings = {
				ALWAYS_EMBED_SWIFT_STANDARD_LIBRARIES = YES;
				"CODE_SIGN_IDENTITY[sdk=macosx*]" = "-";
				CODE_SIGN_STYLE = Automatic;
				DEVELOPMENT_TEAM = NR8A659GLT;
				INFOPLIST_FILE = SMOLOUITests/Info.plist;
				LD_RUNPATH_SEARCH_PATHS = "$(inherited) @executable_path/Frameworks @loader_path/Frameworks";
				PRODUCT_BUNDLE_IDENTIFIER = AM.SMOLOUITests;
				PRODUCT_NAME = "$(TARGET_NAME)";
				SWIFT_VERSION = 5.0;
				TARGETED_DEVICE_FAMILY = "1,2";
				TEST_TARGET_NAME = SMOLO;
			};
			name = Release;
		};
/* End XCBuildConfiguration section */

/* Begin XCConfigurationList section */
		4EC247C21F98F90500910AA8 /* Build configuration list for PBXProject "SMOLO" */ = {
			isa = XCConfigurationList;
			buildConfigurations = (
				4EC247ED1F98F90500910AA8 /* Debug */,
				4EC247EE1F98F90500910AA8 /* Release */,
			);
			defaultConfigurationIsVisible = 0;
			defaultConfigurationName = Release;
		};
		4EC247EF1F98F90500910AA8 /* Build configuration list for PBXNativeTarget "SMOLO" */ = {
			isa = XCConfigurationList;
			buildConfigurations = (
				4EC247F01F98F90500910AA8 /* Debug */,
				4EC247F11F98F90500910AA8 /* Release */,
			);
			defaultConfigurationIsVisible = 0;
			defaultConfigurationName = Release;
		};
		4EC247F21F98F90500910AA8 /* Build configuration list for PBXNativeTarget "SMOLOTests" */ = {
			isa = XCConfigurationList;
			buildConfigurations = (
				4EC247F31F98F90500910AA8 /* Debug */,
				4EC247F41F98F90500910AA8 /* Release */,
			);
			defaultConfigurationIsVisible = 0;
			defaultConfigurationName = Release;
		};
		4EC247F51F98F90500910AA8 /* Build configuration list for PBXNativeTarget "SMOLOUITests" */ = {
			isa = XCConfigurationList;
			buildConfigurations = (
				4EC247F61F98F90500910AA8 /* Debug */,
				4EC247F71F98F90500910AA8 /* Release */,
			);
			defaultConfigurationIsVisible = 0;
			defaultConfigurationName = Release;
		};
/* End XCConfigurationList section */
	};
	rootObject = 4EC247BF1F98F90500910AA8 /* Project object */;
}
